github.com/BurntSushi/toml v0.3.1 h1:WXkYYl6Yr3qBf1K79EBnL4mak0OimBfB0XUf9Vl28OQ=
github.com/BurntSushi/toml v0.3.1/go.mod h1:xHWCNGjB5oqiDr8zfno3MHue2Ht5sIBksp03qcyfWMU=
github.com/aws/aws-lambda-go v1.2.0 h1:2f0pbAKMNNhvOkjI9BCrwoeIiduSTlYpD0iKEN1neuQ=
github.com/aws/aws-lambda-go v1.2.0/go.mod h1:zUsUQhAUjYzR8AuduJPCfhBuKWUaDbQiPOG+ouzmE1A=
github.com/aws/aws-sdk-go v1.33.0 h1:Bq5Y6VTLbfnJp1IV8EL/qUU5qO1DYHda/zis/sqevkY=
github.com/aws/aws-sdk-go v1.33.0/go.mod h1:5zCpMtNQVjRREroY7sYe8lOMRSxkhG6MZveU8YkpAk0=
github.com/davecgh/go-spew v1.1.0/go.mod h1:J7Y8YcW2NihsgmVo/mv3lAwl/skON4iLHjSsI+c5H38=
github.com/davecgh/go-spew v1.1.1 h1:vj9j/u1bqnvCEfJOwUhtlOARqs3+rkHYY13jYWTU97c=
github.com/davecgh/go-spew v1.1.1/go.mod h1:J7Y8YcW2NihsgmVo/mv3lAwl/skON4iLHjSsI+c5H38=
github.com/fsnotify/fsnotify v1.4.7 h1:IXs+QLmnXW2CcXuY+8Mzv/fWEsPGWxqefPtCP5CnV9I=
github.com/fsnotify/fsnotify v1.4.7/go.mod h1:jwhsz4b93w/PPRr/qN1Yymfu8t87LnFCMoQvtojpjFo=
github.com/go-sql-driver/mysql v1.5.0/go.mod h1:DCzpHaOWr8IXmIStZouvnhqoel9Qv2LBy8hT2VhHyBg=
github.com/google/uuid v0.0.0-20161128191214-064e2069ce9c h1:jWtZjFEUE/Bz0IeIhqCnyZ3HG6KRXSntXe4SjtuTH7c=
github.com/google/uuid v0.0.0-20161128191214-064e2069ce9c/go.mod h1:TIyPZe4MgqvfeYDBFedMoGGpEw/LqOeaOT+nhxU+yHo=
github.com/gorilla/context v1.1.1 h1:AWwleXJkX/nhcU9bZSnZoi3h/qGYqQAGhq6zZe/aQW8=
github.com/gorilla/context v1.1.1/go.mod h1:kBGZzfjB9CEq2AlWe17Uuf7NDRt0dE0s8S51q0aT7Yg=
github.com/gorilla/mux v1.6.2 h1:Pgr17XVTNXAk3q/r4CpKzC5xBM/qW1uVLV+IhRZpIIk=
github.com/gorilla/mux v1.6.2/go.mod h1:1lud6UwP+6orDFRuTfBEV8e9/aOM/c4fVVCaMa2zaAs=
github.com/hashicorp/hcl v1.0.0 h1:0Anlzjpi4vEasTeNFn2mLJgTSwt0+6sfsiTG8qcWGx4=
github.com/hashicorp/hcl v1.0.0/go.mod h1:E5yfLk+7swimpb2L/Alb/PJmXilQ/rhwaUYs4T20WEQ=
github.com/inconshreveable/mousetrap v1.0.0 h1:Z8tu5sraLXCXIcARxBp/8cbvlwVa7Z1NHg9XEKhtSvM=
github.com/inconshreveable/mousetrap v1.0.0/go.mod h1:PxqpIevigyE2G7u3NXJIT2ANytuPF1OarO4DADm73n8=
github.com/jmespath/go-jmespath v0.3.0 h1:OS12ieG61fsCg5+qLJ+SsW9NicxNkg3b25OyT2yCeUc=
github.com/jmespath/go-jmespath v0.3.0/go.mod h1:9QtRXoHjLGCJ5IBSaohpXITPlowMeeYCZ7fLUTSywik=
github.com/magiconair/properties v1.8.0 h1:LLgXmsheXeRoUOBOjtwPQCWIYqM/LU1ayDtDePerRcY=
github.com/magiconair/properties v1.8.0/go.mod h1:PppfXfuXeibc/6YijjN8zIbojt8czPbwD3XqdrwzmxQ=
github.com/mitchellh/go-homedir v1.0.0 h1:vKb8ShqSby24Yrqr/yDYkuFz8d0WUjys40rvnGC8aR0=
github.com/mitchellh/go-homedir v1.0.0/go.mod h1:SfyaCUpYCn1Vlf4IUYiD9fPX4A5wJrkLzIz1N1q0pr0=
github.com/mitchellh/mapstructure v1.0.0 h1:vVpGvMXJPqSDh2VYHF7gsfQj8Ncx+Xw5Y1KHeTRY+7I=
github.com/mitchellh/mapstructure v1.0.0/go.mod h1:FVVH3fgwuzCH5S8UJGiWEs2h04kUh9fWfEaFds41c1Y=
github.com/pelletier/go-toml v1.2.0 h1:T5zMGML61Wp+FlcbWjRDT7yAxhJNAiPPLOFECq181zc=
github.com/pelletier/go-toml v1.2.0/go.mod h1:5z9KED0ma1S8pY6P1sdut58dfprrGBbd/94hg7ilaic=
github.com/pkg/errors v0.9.1 h1:FEBLx1zS214owpjy7qsBeixbURkuhQAwrK5UwLGTwt4=
github.com/pkg/errors v0.9.1/go.mod h1:bwawxfHBFNV+L2hUp1rHADufV3IMtnDRdf1r5NINEl0=
github.com/pmezard/go-difflib v1.0.0 h1:4DBwDE0NGyQoBHbLQYPwSUPoCMWR5BEzIk/f1lZbAQM=
github.com/pmezard/go-difflib v1.0.0/go.mod h1:iKH77koFhYxTK1pcRnkKkqfTogsbg7gZNVY4sRDYZ/4=
github.com/spf13/afero v1.1.2 h1:m8/z1t7/fwjysjQRYbP0RD+bUIF/8tJwPdEZsI83ACI=
github.com/spf13/afero v1.1.2/go.mod h1:j4pytiNVoe2o6bmDsKpLACNPDBIoEAkihy7loJ1B0CQ=
github.com/spf13/cast v1.2.0 h1:HHl1DSRbEQN2i8tJmtS6ViPyHx35+p51amrdsiTCrkg=
github.com/spf13/cast v1.2.0/go.mod h1:r2rcYCSwa1IExKTDiTfzaxqT2FNHs8hODu4LnUfgKEg=
github.com/spf13/cobra v0.0.3 h1:ZlrZ4XsMRm04Fr5pSFxBgfND2EBVa1nLpiy1stUsX/8=
github.com/spf13/cobra v0.0.3/go.mod h1:1l0Ry5zgKvJasoi3XT1TypsSe7PqH0Sj9dhYf7v3XqQ=
github.com/spf13/jwalterweatherman v1.0.0 h1:XHEdyB+EcvlqZamSM4ZOMGlc93t6AcsBEu9Gc1vn7yk=
github.com/spf13/jwalterweatherman v1.0.0/go.mod h1:cQK4TGJAtQXfYWX+Ddv3mKDzgVb68N+wFjFa4jdeBTo=
github.com/spf13/pflag v1.0.2 h1:Fy0orTDgHdbnzHcsOgfCN4LtHf0ec3wwtiwJqwvf3Gc=
github.com/spf13/pflag v1.0.2/go.mod h1:DYY7MBk1bdzusC3SYhjObp+wFpr4gzcvqqNjLnInEg4=
github.com/spf13/viper v1.2.0 h1:M4Rzxlu+RgU4pyBRKhKaVN1VeYOm8h2jgyXnAseDgCc=
github.com/spf13/viper v1.2.0/go.mod h1:P4AexN0a+C9tGAnUFNwDMYYZv3pjFuvmeiMyKRaNVlI=
github.com/stretchr/objx v0.1.0/go.mod h1:HFkY916IF+rwdDfMAkV7OtwuqBVzrE8GR6GFx+wExME=
github.com/stretchr/testify v1.5.1 h1:nOGnQDM7FYENwehXlg/kFVnos3rEvtKTjRvOWSzb6H4=
github.com/stretchr/testify v1.5.1/go.mod h1:5W2xD1RspED5o8YsWQXVCued0rvSQ+mT+I5cxcmMvtA=
github.com/tomnomnom/linkheader v0.0.0-20160328204959-6953a30d4443 h1:ovXpn6PhLkPmw2ye8Swvy6BG/Vs3LLrlTu9nOViuoyU=
github.com/tomnomnom/linkheader v0.0.0-20160328204959-6953a30d4443/go.mod h1:iFyPdL66DjUD96XmzVL3ZntbzcflLnznH0fr99w5VqE=
github.com/xeipuuv/gojsonpointer v0.0.0-20180127040702-4e3ac2762d5f h1:J9EGpcZtP0E/raorCMxlFGSTBrsSlaDGf3jU/qvAE2c=
github.com/xeipuuv/gojsonpointer v0.0.0-20180127040702-4e3ac2762d5f/go.mod h1:N2zxlSyiKSe5eX1tZViRH5QA0qijqEDrYZiPEAiq3wU=
github.com/xeipuuv/gojsonreference v0.0.0-20180127040603-bd5ef7bd5415 h1:EzJWgHovont7NscjpAxXsDA8S8BMYve8Y5+7cuRE7R0=
github.com/xeipuuv/gojsonreference v0.0.0-20180127040603-bd5ef7bd5415/go.mod h1:GwrjFmJcFw6At/Gs6z4yjiIwzuJ1/+UwLxMQDVQXShQ=
github.com/xeipuuv/gojsonschema v0.0.0-20180719132039-b84684d0e066 h1:iBmpEMJZETMKCupjL9Q7X3Q5utIRnWGbls0TXTgD7JI=
github.com/xeipuuv/gojsonschema v0.0.0-20180719132039-b84684d0e066/go.mod h1:5yf86TLmAcydyeJq5YvxkGPE2fm/u4myDekKRoLuqhs=
golang.org/x/crypto v0.0.0-20190308221718-c2843e01d9a2/go.mod h1:djNgcEr1/C05ACkg1iLfiJU5Ep61QUkGW8qpdssI0+w=
golang.org/x/net v0.0.0-20200202094626-16171245cfb2 h1:CCH4IOTTfewWjGOlSp+zGcjutRKlBEZQ6wTn8ozI/nI=
golang.org/x/net v0.0.0-20200202094626-16171245cfb2/go.mod h1:z5CRVTTTmAJ677TzLLGU+0bjPO0LkuOLi4/5GtJWs/s=
golang.org/x/sys v0.0.0-20180906133057-8cf3aee42992/go.mod h1:STP8DvDyc/dI5b8T5hshtkjS+E42TnysNCUPdjciGhY=
golang.org/x/sys v0.0.0-20190215142949-d0b11bdaac8a h1:1BGLXjeY4akVXGgbC9HugT3Jv3hCI0z56oJR5vAMgBU=
golang.org/x/sys v0.0.0-20190215142949-d0b11bdaac8a/go.mod h1:STP8DvDyc/dI5b8T5hshtkjS+E42TnysNCUPdjciGhY=
golang.org/x/text v0.3.0 h1:g61tztE5qeGQ89tm6NTjjM9VPIm088od1l6aSorWRWg=
golang.org/x/text v0.3.0/go.mod h1:NqM8EUOU14njkJ3fqMW+pc6Ldnwhi/IjpwHt7yyuwOQ=
gopkg.in/check.v1 v0.0.0-20161208181325-20d25e280405 h1:yhCVgyC4o1eVCa2tZl7eS0r+SDo693bJlVdllGtEeKM=
gopkg.in/check.v1 v0.0.0-20161208181325-20d25e280405/go.mod h1:Co6ibVJAznAaIkqp8huTwlJQCZ016jof/cbN4VW5Yz0=
gopkg.in/yaml.v2 v2.2.1/go.mod h1:hI93XBmqTisBFMUTm0b8Fm+jr3Dg1NNxqwp+5A1VGuI=
gopkg.in/yaml.v2 v2.2.2 h1:ZCJp+EgiOT7lHqUV2J862kp8Qj64Jo6az82+3Td9dZw=
gopkg.in/yaml.v2 v2.2.2/go.mod h1:hI93XBmqTisBFMUTm0b8Fm+jr3Dg1NNxqwp+5A1VGuI=
